
Microsoft Visual Studio Solution File, Format Version 12.00
Project("{FAE04EC0-301F-11D3-BF4B-00C04F79EFBC}") = "Tests", "Tests\Tests.csproj", "{03DEB800-609C-47D5-913B-676062334BC0}"
EndProject
Project("{FAE04EC0-301F-11D3-BF4B-00C04F79EFBC}") = "ProgrammingProblems", "ProgrammingProblems\ProgrammingProblems.csproj", "{5A475036-A97E-4503-8416-654FED21DFBB}"
EndProject
Global
	GlobalSection(SolutionConfigurationPlatforms) = preSolution
		Debug|Any CPU = Debug|Any CPU
		Release|Any CPU = Release|Any CPU
	EndGlobalSection
	GlobalSection(ProjectConfigurationPlatforms) = postSolution
		{03DEB800-609C-47D5-913B-676062334BC0}.Debug|Any CPU.ActiveCfg = Debug|Any CPU
		{03DEB800-609C-47D5-913B-676062334BC0}.Debug|Any CPU.Build.0 = Debug|Any CPU
		{03DEB800-609C-47D5-913B-676062334BC0}.Release|Any CPU.ActiveCfg = Release|Any CPU
		{03DEB800-609C-47D5-913B-676062334BC0}.Release|Any CPU.Build.0 = Release|Any CPU
		{5A475036-A97E-4503-8416-654FED21DFBB}.Debug|Any CPU.ActiveCfg = Debug|Any CPU
		{5A475036-A97E-4503-8416-654FED21DFBB}.Debug|Any CPU.Build.0 = Debug|Any CPU
		{5A475036-A97E-4503-8416-654FED21DFBB}.Release|Any CPU.ActiveCfg = Release|Any CPU
		{5A475036-A97E-4503-8416-654FED21DFBB}.Release|Any CPU.Build.0 = Release|Any CPU
	EndGlobalSection
EndGlobal
